
Microsoft Visual Studio Solution File, Format Version 12.00
# Visual Studio Version 16
VisualStudioVersion = 16.0.30907.101
MinimumVisualStudioVersion = 10.0.40219.1
Project("{9A19103F-16F7-4668-BE54-9A1E7A4F7556}") = "DiagramaClasses", "DiagramaClasses\DiagramaClasses.csproj", "{C8EC43F8-2422-49D5-ACD8-6154909CA3A6}"
EndProject
Project("{9A19103F-16F7-4668-BE54-9A1E7A4F7556}") = "RelacionamentoHerança", "RelacionamentoHerança\RelacionamentoHerança.csproj", "{B549235E-8514-44D0-A527-A4BC7CBA8914}"
EndProject
Project("{9A19103F-16F7-4668-BE54-9A1E7A4F7556}") = "Composicao1", "Composicao1\Composicao1.csproj", "{613F48AE-6FDE-4434-A6E6-91D181010BBD}"
EndProject
Project("{9A19103F-16F7-4668-BE54-9A1E7A4F7556}") = "RelacionamentoAgregacao", "RelacionamentoAgregacao\RelacionamentoAgregacao.csproj", "{10EA5F97-193E-46B2-A5F8-A78E23AFBB98}"
EndProject
Project("{9A19103F-16F7-4668-BE54-9A1E7A4F7556}") = "Acoplamento_Heranca", "Acoplamento_Heranca\Acoplamento_Heranca.csproj", "{BFAC0A06-36CB-4E4F-B3CD-49EB841ACD21}"
EndProject
Project("{9A19103F-16F7-4668-BE54-9A1E7A4F7556}") = "Acoplamento_Composicao", "Acoplamento_Composicao\Acoplamento_Composicao.csproj", "{84AE848F-F220-463E-962A-D074E0203AE0}"
EndProject
Project("{9A19103F-16F7-4668-BE54-9A1E7A4F7556}") = "ClassesAbstratas", "ClassesAbstratas\ClassesAbstratas.csproj", "{8308B259-B71E-4472-8BA4-8654F39CD215}"
EndProject
Project("{9A19103F-16F7-4668-BE54-9A1E7A4F7556}") = "ClassesSealed", "ClassesSealed\ClassesSealed.csproj", "{D3876FFA-6359-45FF-8631-25EFD2E81DE8}"
EndProject
Project("{FAE04EC0-301F-11D3-BF4B-00C04F79EFBC}") = "Interface", "Interface\Interface.csproj", "{0286F081-A7DD-44E1-8D77-F812623423DC}"
EndProject
Project("{FAE04EC0-301F-11D3-BF4B-00C04F79EFBC}") = "InterfaceDesacoplamento", "InterfaceDesacoplamento\InterfaceDesacoplamento.csproj", "{42399812-CBF1-454A-9B84-69F33D819DFE}"
EndProject
Project("{FAE04EC0-301F-11D3-BF4B-00C04F79EFBC}") = "ClassesAbstratas_Interface", "ClassesAbstratas_Interface\ClassesAbstratas_Interface.csproj", "{0A5FE0AC-751F-4267-83A0-EEBADA95C4A9}"
EndProject
Global
	GlobalSection(SolutionConfigurationPlatforms) = preSolution
		Debug|Any CPU = Debug|Any CPU
		Release|Any CPU = Release|Any CPU
	EndGlobalSection
	GlobalSection(ProjectConfigurationPlatforms) = postSolution
		{C8EC43F8-2422-49D5-ACD8-6154909CA3A6}.Debug|Any CPU.ActiveCfg = Debug|Any CPU
		{C8EC43F8-2422-49D5-ACD8-6154909CA3A6}.Debug|Any CPU.Build.0 = Debug|Any CPU
		{C8EC43F8-2422-49D5-ACD8-6154909CA3A6}.Release|Any CPU.ActiveCfg = Release|Any CPU
		{C8EC43F8-2422-49D5-ACD8-6154909CA3A6}.Release|Any CPU.Build.0 = Release|Any CPU
		{B549235E-8514-44D0-A527-A4BC7CBA8914}.Debug|Any CPU.ActiveCfg = Debug|Any CPU
		{B549235E-8514-44D0-A527-A4BC7CBA8914}.Debug|Any CPU.Build.0 = Debug|Any CPU
		{B549235E-8514-44D0-A527-A4BC7CBA8914}.Release|Any CPU.ActiveCfg = Release|Any CPU
		{B549235E-8514-44D0-A527-A4BC7CBA8914}.Release|Any CPU.Build.0 = Release|Any CPU
		{613F48AE-6FDE-4434-A6E6-91D181010BBD}.Debug|Any CPU.ActiveCfg = Debug|Any CPU
		{613F48AE-6FDE-4434-A6E6-91D181010BBD}.Debug|Any CPU.Build.0 = Debug|Any CPU
		{613F48AE-6FDE-4434-A6E6-91D181010BBD}.Release|Any CPU.ActiveCfg = Release|Any CPU
		{613F48AE-6FDE-4434-A6E6-91D181010BBD}.Release|Any CPU.Build.0 = Release|Any CPU
		{10EA5F97-193E-46B2-A5F8-A78E23AFBB98}.Debug|Any CPU.ActiveCfg = Debug|Any CPU
		{10EA5F97-193E-46B2-A5F8-A78E23AFBB98}.Debug|Any CPU.Build.0 = Debug|Any CPU
		{10EA5F97-193E-46B2-A5F8-A78E23AFBB98}.Release|Any CPU.ActiveCfg = Release|Any CPU
		{10EA5F97-193E-46B2-A5F8-A78E23AFBB98}.Release|Any CPU.Build.0 = Release|Any CPU
		{BFAC0A06-36CB-4E4F-B3CD-49EB841ACD21}.Debug|Any CPU.ActiveCfg = Debug|Any CPU
		{BFAC0A06-36CB-4E4F-B3CD-49EB841ACD21}.Debug|Any CPU.Build.0 = Debug|Any CPU
		{BFAC0A06-36CB-4E4F-B3CD-49EB841ACD21}.Release|Any CPU.ActiveCfg = Release|Any CPU
		{BFAC0A06-36CB-4E4F-B3CD-49EB841ACD21}.Release|Any CPU.Build.0 = Release|Any CPU
		{84AE848F-F220-463E-962A-D074E0203AE0}.Debug|Any CPU.ActiveCfg = Debug|Any CPU
		{84AE848F-F220-463E-962A-D074E0203AE0}.Debug|Any CPU.Build.0 = Debug|Any CPU
		{84AE848F-F220-463E-962A-D074E0203AE0}.Release|Any CPU.ActiveCfg = Release|Any CPU
		{84AE848F-F220-463E-962A-D074E0203AE0}.Release|Any CPU.Build.0 = Release|Any CPU
		{8308B259-B71E-4472-8BA4-8654F39CD215}.Debug|Any CPU.ActiveCfg = Debug|Any CPU
		{8308B259-B71E-4472-8BA4-8654F39CD215}.Debug|Any CPU.Build.0 = Debug|Any CPU
		{8308B259-B71E-4472-8BA4-8654F39CD215}.Release|Any CPU.ActiveCfg = Release|Any CPU
		{8308B259-B71E-4472-8BA4-8654F39CD215}.Release|Any CPU.Build.0 = Release|Any CPU
		{D3876FFA-6359-45FF-8631-25EFD2E81DE8}.Debug|Any CPU.ActiveCfg = Debug|Any CPU
		{D3876FFA-6359-45FF-8631-25EFD2E81DE8}.Debug|Any CPU.Build.0 = Debug|Any CPU
		{D3876FFA-6359-45FF-8631-25EFD2E81DE8}.Release|Any CPU.ActiveCfg = Release|Any CPU
		{D3876FFA-6359-45FF-8631-25EFD2E81DE8}.Release|Any CPU.Build.0 = Release|Any CPU
		{0286F081-A7DD-44E1-8D77-F812623423DC}.Debug|Any CPU.ActiveCfg = Debug|Any CPU
		{0286F081-A7DD-44E1-8D77-F812623423DC}.Debug|Any CPU.Build.0 = Debug|Any CPU
		{0286F081-A7DD-44E1-8D77-F812623423DC}.Release|Any CPU.ActiveCfg = Release|Any CPU
		{0286F081-A7DD-44E1-8D77-F812623423DC}.Release|Any CPU.Build.0 = Release|Any CPU
		{42399812-CBF1-454A-9B84-69F33D819DFE}.Debug|Any CPU.ActiveCfg = Debug|Any CPU
		{42399812-CBF1-454A-9B84-69F33D819DFE}.Debug|Any CPU.Build.0 = Debug|Any CPU
		{42399812-CBF1-454A-9B84-69F33D819DFE}.Release|Any CPU.ActiveCfg = Release|Any CPU
		{42399812-CBF1-454A-9B84-69F33D819DFE}.Release|Any CPU.Build.0 = Release|Any CPU
		{0A5FE0AC-751F-4267-83A0-EEBADA95C4A9}.Debug|Any CPU.ActiveCfg = Debug|Any CPU
		{0A5FE0AC-751F-4267-83A0-EEBADA95C4A9}.Debug|Any CPU.Build.0 = Debug|Any CPU
		{0A5FE0AC-751F-4267-83A0-EEBADA95C4A9}.Release|Any CPU.ActiveCfg = Release|Any CPU
		{0A5FE0AC-751F-4267-83A0-EEBADA95C4A9}.Release|Any CPU.Build.0 = Release|Any CPU
	EndGlobalSection
	GlobalSection(SolutionProperties) = preSolution
		HideSolutionNode = FALSE
	EndGlobalSection
	GlobalSection(ExtensibilityGlobals) = postSolution
		SolutionGuid = {5E61DCF7-A144-4C07-B35C-FD62C8044834}
	EndGlobalSection
EndGlobal
