
Microsoft Visual Studio Solution File, Format Version 12.00
# Visual Studio Version 16
VisualStudioVersion = 16.0.30907.101
MinimumVisualStudioVersion = 10.0.40219.1
Project("{FAE04EC0-301F-11D3-BF4B-00C04F79EFBC}") = "SRP_Violacao", "SRP_Violacao\SRP_Violacao.csproj", "{22AB42AF-D22C-4D7B-9ABA-2B52530F0485}"
EndProject
Project("{FAE04EC0-301F-11D3-BF4B-00C04F79EFBC}") = "SRP_Aderente", "SRP_Aderente\SRP_Aderente.csproj", "{2291FD40-95A1-4AC2-B9F1-F0D5CD94B27F}"
EndProject
Project("{FAE04EC0-301F-11D3-BF4B-00C04F79EFBC}") = "OCP_MetodoExtendido", "OCP_MetodoExtendido\OCP_MetodoExtendido.csproj", "{FC084E71-8014-4AF0-BFD1-32C657ABF159}"
EndProject
Project("{FAE04EC0-301F-11D3-BF4B-00C04F79EFBC}") = "OCP_Violacao", "OCP_Violacao\OCP_Violacao.csproj", "{537BB155-E962-406C-AE5A-88BD79401AE9}"
EndProject
Project("{FAE04EC0-301F-11D3-BF4B-00C04F79EFBC}") = "OCP_Aderente", "OCP_Aderente\OCP_Aderente.csproj", "{FC783C72-A024-44F9-A314-00D4C87882E7}"
EndProject
Project("{FAE04EC0-301F-11D3-BF4B-00C04F79EFBC}") = "LSP_Violacao", "LSP_Violacao\LSP_Violacao.csproj", "{A01B02F3-25DA-41B5-82A0-10194ECDC1E4}"
EndProject
Global
	GlobalSection(SolutionConfigurationPlatforms) = preSolution
		Debug|Any CPU = Debug|Any CPU
		Release|Any CPU = Release|Any CPU
	EndGlobalSection
	GlobalSection(ProjectConfigurationPlatforms) = postSolution
		{22AB42AF-D22C-4D7B-9ABA-2B52530F0485}.Debug|Any CPU.ActiveCfg = Debug|Any CPU
		{22AB42AF-D22C-4D7B-9ABA-2B52530F0485}.Debug|Any CPU.Build.0 = Debug|Any CPU
		{22AB42AF-D22C-4D7B-9ABA-2B52530F0485}.Release|Any CPU.ActiveCfg = Release|Any CPU
		{22AB42AF-D22C-4D7B-9ABA-2B52530F0485}.Release|Any CPU.Build.0 = Release|Any CPU
		{2291FD40-95A1-4AC2-B9F1-F0D5CD94B27F}.Debug|Any CPU.ActiveCfg = Debug|Any CPU
		{2291FD40-95A1-4AC2-B9F1-F0D5CD94B27F}.Debug|Any CPU.Build.0 = Debug|Any CPU
		{2291FD40-95A1-4AC2-B9F1-F0D5CD94B27F}.Release|Any CPU.ActiveCfg = Release|Any CPU
		{2291FD40-95A1-4AC2-B9F1-F0D5CD94B27F}.Release|Any CPU.Build.0 = Release|Any CPU
		{FC084E71-8014-4AF0-BFD1-32C657ABF159}.Debug|Any CPU.ActiveCfg = Debug|Any CPU
		{FC084E71-8014-4AF0-BFD1-32C657ABF159}.Debug|Any CPU.Build.0 = Debug|Any CPU
		{FC084E71-8014-4AF0-BFD1-32C657ABF159}.Release|Any CPU.ActiveCfg = Release|Any CPU
		{FC084E71-8014-4AF0-BFD1-32C657ABF159}.Release|Any CPU.Build.0 = Release|Any CPU
		{537BB155-E962-406C-AE5A-88BD79401AE9}.Debug|Any CPU.ActiveCfg = Debug|Any CPU
		{537BB155-E962-406C-AE5A-88BD79401AE9}.Debug|Any CPU.Build.0 = Debug|Any CPU
		{537BB155-E962-406C-AE5A-88BD79401AE9}.Release|Any CPU.ActiveCfg = Release|Any CPU
		{537BB155-E962-406C-AE5A-88BD79401AE9}.Release|Any CPU.Build.0 = Release|Any CPU
		{FC783C72-A024-44F9-A314-00D4C87882E7}.Debug|Any CPU.ActiveCfg = Debug|Any CPU
		{FC783C72-A024-44F9-A314-00D4C87882E7}.Debug|Any CPU.Build.0 = Debug|Any CPU
		{FC783C72-A024-44F9-A314-00D4C87882E7}.Release|Any CPU.ActiveCfg = Release|Any CPU
		{FC783C72-A024-44F9-A314-00D4C87882E7}.Release|Any CPU.Build.0 = Release|Any CPU
		{A01B02F3-25DA-41B5-82A0-10194ECDC1E4}.Debug|Any CPU.ActiveCfg = Debug|Any CPU
		{A01B02F3-25DA-41B5-82A0-10194ECDC1E4}.Debug|Any CPU.Build.0 = Debug|Any CPU
		{A01B02F3-25DA-41B5-82A0-10194ECDC1E4}.Release|Any CPU.ActiveCfg = Release|Any CPU
		{A01B02F3-25DA-41B5-82A0-10194ECDC1E4}.Release|Any CPU.Build.0 = Release|Any CPU
	EndGlobalSection
	GlobalSection(SolutionProperties) = preSolution
		HideSolutionNode = FALSE
	EndGlobalSection
	GlobalSection(ExtensibilityGlobals) = postSolution
		SolutionGuid = {8BDDA830-6B0B-430D-AC17-121A6AF5CE1B}
	EndGlobalSection
EndGlobal
