
Microsoft Visual Studio Solution File, Format Version 12.00
# Visual Studio Version 16
VisualStudioVersion = 16.0.30907.101
MinimumVisualStudioVersion = 10.0.40219.1
Project("{FAE04EC0-301F-11D3-BF4B-00C04F79EFBC}") = "Aula_Classe1", "Aula_Classe1\Aula_Classe1.csproj", "{3CD774F0-E450-4161-9C3F-F37B151BFC70}"
EndProject
Global
	GlobalSection(SolutionConfigurationPlatforms) = preSolution
		Debug|Any CPU = Debug|Any CPU
		Release|Any CPU = Release|Any CPU
	EndGlobalSection
	GlobalSection(ProjectConfigurationPlatforms) = postSolution
		{3CD774F0-E450-4161-9C3F-F37B151BFC70}.Debug|Any CPU.ActiveCfg = Debug|Any CPU
		{3CD774F0-E450-4161-9C3F-F37B151BFC70}.Debug|Any CPU.Build.0 = Debug|Any CPU
		{3CD774F0-E450-4161-9C3F-F37B151BFC70}.Release|Any CPU.ActiveCfg = Release|Any CPU
		{3CD774F0-E450-4161-9C3F-F37B151BFC70}.Release|Any CPU.Build.0 = Release|Any CPU
	EndGlobalSection
	GlobalSection(SolutionProperties) = preSolution
		HideSolutionNode = FALSE
	EndGlobalSection
	GlobalSection(ExtensibilityGlobals) = postSolution
		SolutionGuid = {50F3FBF2-12E0-465D-918D-4A676D9C3D10}
	EndGlobalSection
EndGlobal
